
Microsoft Visual Studio Solution File, Format Version 12.00
Project("{FAE04EC0-301F-11D3-BF4B-00C04F79EFBC}") = "DesignDoc.Markup.Parser", "DesignDoc.Markup.Parser.csproj", "{73FAFD27-C835-4C33-BD12-3DDB33BFC21C}"
EndProject
Project("{2150E333-8FDC-42A3-9474-1A3956D46DE8}") = "TESTS", "TESTS", "{86BEBFBD-ACF6-4EF0-B4AC-CB2EFF28022F}"
EndProject
Project("{FAE04EC0-301F-11D3-BF4B-00C04F79EFBC}") = "DesignDoc.Markup.Parser.UnitTests", "..\TESTS\DesignDoc.Markup.Parser.UnitTests\DesignDoc.Markup.Parser.UnitTests.csproj", "{D831EE71-78AF-45FE-8841-FE7BDA0726B7}"
EndProject
Project("{FAE04EC0-301F-11D3-BF4B-00C04F79EFBC}") = "DesignDoc.Markup.TestManagement", "..\TESTS\DesignDoc.Markup.TestManagement\DesignDoc.Markup.TestManagement.csproj", "{B483DBE5-80BE-4535-8908-D4333DF5BBAA}"
EndProject
Global
	GlobalSection(SolutionConfigurationPlatforms) = preSolution
		Debug|Any CPU = Debug|Any CPU
		Release|Any CPU = Release|Any CPU
	EndGlobalSection
	GlobalSection(ProjectConfigurationPlatforms) = postSolution
		{73FAFD27-C835-4C33-BD12-3DDB33BFC21C}.Debug|Any CPU.ActiveCfg = Debug|Any CPU
		{73FAFD27-C835-4C33-BD12-3DDB33BFC21C}.Debug|Any CPU.Build.0 = Debug|Any CPU
		{73FAFD27-C835-4C33-BD12-3DDB33BFC21C}.Release|Any CPU.ActiveCfg = Release|Any CPU
		{73FAFD27-C835-4C33-BD12-3DDB33BFC21C}.Release|Any CPU.Build.0 = Release|Any CPU
		{D831EE71-78AF-45FE-8841-FE7BDA0726B7}.Debug|Any CPU.ActiveCfg = Debug|Any CPU
		{D831EE71-78AF-45FE-8841-FE7BDA0726B7}.Debug|Any CPU.Build.0 = Debug|Any CPU
		{D831EE71-78AF-45FE-8841-FE7BDA0726B7}.Release|Any CPU.ActiveCfg = Release|Any CPU
		{D831EE71-78AF-45FE-8841-FE7BDA0726B7}.Release|Any CPU.Build.0 = Release|Any CPU
		{B483DBE5-80BE-4535-8908-D4333DF5BBAA}.Debug|Any CPU.ActiveCfg = Debug|Any CPU
		{B483DBE5-80BE-4535-8908-D4333DF5BBAA}.Debug|Any CPU.Build.0 = Debug|Any CPU
		{B483DBE5-80BE-4535-8908-D4333DF5BBAA}.Release|Any CPU.ActiveCfg = Release|Any CPU
		{B483DBE5-80BE-4535-8908-D4333DF5BBAA}.Release|Any CPU.Build.0 = Release|Any CPU
	EndGlobalSection
	GlobalSection(NestedProjects) = preSolution
		{D831EE71-78AF-45FE-8841-FE7BDA0726B7} = {86BEBFBD-ACF6-4EF0-B4AC-CB2EFF28022F}
		{B483DBE5-80BE-4535-8908-D4333DF5BBAA} = {86BEBFBD-ACF6-4EF0-B4AC-CB2EFF28022F}
	EndGlobalSection
EndGlobal
